
Microsoft Visual Studio Solution File, Format Version 12.00
# Visual Studio Version 16
VisualStudioVersion = 16.0.34114.132
MinimumVisualStudioVersion = 10.0.40219.1
Project("{8BC9CEB8-8B4A-11D0-8D11-00A0C91BC942}") = "ExecuteInsertPinnedItemDll", "ExecuteInsertPinnedItemDll\ExecuteInsertPinnedItemDll.vcxproj", "{D4009CC3-16A6-4F27-BACF-6F5AF8264364}"
EndProject
Project("{8BC9CEB8-8B4A-11D0-8D11-00A0C91BC942}") = "WorkPinAi", "WorkPinAi\WorkPinAi.vcxproj", "{C73FAE56-F15E-4678-9D72-37E10657FFBC}"
EndProject
Project("{8BC9CEB8-8B4A-11D0-8D11-00A0C91BC942}") = "ExecuteInterPinnedItemExe", "ExecuteInterPinnedItemExe\ExecuteInterPinnedItemExe.vcxproj", "{CB7E50B2-40BF-43CB-896C-60B248F121C9}"
EndProject
Project("{8BC9CEB8-8B4A-11D0-8D11-00A0C91BC942}") = "Test", "Test\Test.vcxproj", "{394312C8-71B0-4B43-B77E-CF4225F98E71}"
EndProject
Project("{8BC9CEB8-8B4A-11D0-8D11-00A0C91BC942}") = "OtherPeopleProject", "OtherPeopleProject\OtherPeopleProject.vcxproj", "{95DF7081-12FC-433F-8166-DE65052119C0}"
EndProject
Project("{8BC9CEB8-8B4A-11D0-8D11-00A0C91BC942}") = "OtherPeopleProject1", "OtherPeopleProject1\OtherPeopleProject1.vcxproj", "{C5FA669F-1591-4FCF-9F2D-2721A88C716D}"
EndProject
Global
	GlobalSection(SolutionConfigurationPlatforms) = preSolution
		Debug|x64 = Debug|x64
		Debug|x86 = Debug|x86
		Release|x64 = Release|x64
		Release|x86 = Release|x86
	EndGlobalSection
	GlobalSection(ProjectConfigurationPlatforms) = postSolution
		{D4009CC3-16A6-4F27-BACF-6F5AF8264364}.Debug|x64.ActiveCfg = Debug|x64
		{D4009CC3-16A6-4F27-BACF-6F5AF8264364}.Debug|x64.Build.0 = Debug|x64
		{D4009CC3-16A6-4F27-BACF-6F5AF8264364}.Debug|x86.ActiveCfg = Debug|Win32
		{D4009CC3-16A6-4F27-BACF-6F5AF8264364}.Debug|x86.Build.0 = Debug|Win32
		{D4009CC3-16A6-4F27-BACF-6F5AF8264364}.Release|x64.ActiveCfg = Release|x64
		{D4009CC3-16A6-4F27-BACF-6F5AF8264364}.Release|x64.Build.0 = Release|x64
		{D4009CC3-16A6-4F27-BACF-6F5AF8264364}.Release|x86.ActiveCfg = Release|Win32
		{D4009CC3-16A6-4F27-BACF-6F5AF8264364}.Release|x86.Build.0 = Release|Win32
		{C73FAE56-F15E-4678-9D72-37E10657FFBC}.Debug|x64.ActiveCfg = Debug|x64
		{C73FAE56-F15E-4678-9D72-37E10657FFBC}.Debug|x64.Build.0 = Debug|x64
		{C73FAE56-F15E-4678-9D72-37E10657FFBC}.Debug|x86.ActiveCfg = Debug|Win32
		{C73FAE56-F15E-4678-9D72-37E10657FFBC}.Debug|x86.Build.0 = Debug|Win32
		{C73FAE56-F15E-4678-9D72-37E10657FFBC}.Release|x64.ActiveCfg = Release|x64
		{C73FAE56-F15E-4678-9D72-37E10657FFBC}.Release|x64.Build.0 = Release|x64
		{C73FAE56-F15E-4678-9D72-37E10657FFBC}.Release|x86.ActiveCfg = Release|Win32
		{C73FAE56-F15E-4678-9D72-37E10657FFBC}.Release|x86.Build.0 = Release|Win32
		{CB7E50B2-40BF-43CB-896C-60B248F121C9}.Debug|x64.ActiveCfg = Debug|x64
		{CB7E50B2-40BF-43CB-896C-60B248F121C9}.Debug|x64.Build.0 = Debug|x64
		{CB7E50B2-40BF-43CB-896C-60B248F121C9}.Debug|x86.ActiveCfg = Debug|Win32
		{CB7E50B2-40BF-43CB-896C-60B248F121C9}.Debug|x86.Build.0 = Debug|Win32
		{CB7E50B2-40BF-43CB-896C-60B248F121C9}.Release|x64.ActiveCfg = Release|x64
		{CB7E50B2-40BF-43CB-896C-60B248F121C9}.Release|x64.Build.0 = Release|x64
		{CB7E50B2-40BF-43CB-896C-60B248F121C9}.Release|x86.ActiveCfg = Release|Win32
		{CB7E50B2-40BF-43CB-896C-60B248F121C9}.Release|x86.Build.0 = Release|Win32
		{394312C8-71B0-4B43-B77E-CF4225F98E71}.Debug|x64.ActiveCfg = Debug|x64
		{394312C8-71B0-4B43-B77E-CF4225F98E71}.Debug|x64.Build.0 = Debug|x64
		{394312C8-71B0-4B43-B77E-CF4225F98E71}.Debug|x86.ActiveCfg = Debug|Win32
		{394312C8-71B0-4B43-B77E-CF4225F98E71}.Debug|x86.Build.0 = Debug|Win32
		{394312C8-71B0-4B43-B77E-CF4225F98E71}.Release|x64.ActiveCfg = Release|x64
		{394312C8-71B0-4B43-B77E-CF4225F98E71}.Release|x64.Build.0 = Release|x64
		{394312C8-71B0-4B43-B77E-CF4225F98E71}.Release|x86.ActiveCfg = Release|Win32
		{394312C8-71B0-4B43-B77E-CF4225F98E71}.Release|x86.Build.0 = Release|Win32
		{95DF7081-12FC-433F-8166-DE65052119C0}.Debug|x64.ActiveCfg = Debug|x64
		{95DF7081-12FC-433F-8166-DE65052119C0}.Debug|x64.Build.0 = Debug|x64
		{95DF7081-12FC-433F-8166-DE65052119C0}.Debug|x86.ActiveCfg = Debug|Win32
		{95DF7081-12FC-433F-8166-DE65052119C0}.Debug|x86.Build.0 = Debug|Win32
		{95DF7081-12FC-433F-8166-DE65052119C0}.Release|x64.ActiveCfg = Release|x64
		{95DF7081-12FC-433F-8166-DE65052119C0}.Release|x64.Build.0 = Release|x64
		{95DF7081-12FC-433F-8166-DE65052119C0}.Release|x86.ActiveCfg = Release|Win32
		{95DF7081-12FC-433F-8166-DE65052119C0}.Release|x86.Build.0 = Release|Win32
		{C5FA669F-1591-4FCF-9F2D-2721A88C716D}.Debug|x64.ActiveCfg = Debug|x64
		{C5FA669F-1591-4FCF-9F2D-2721A88C716D}.Debug|x64.Build.0 = Debug|x64
		{C5FA669F-1591-4FCF-9F2D-2721A88C716D}.Debug|x86.ActiveCfg = Debug|Win32
		{C5FA669F-1591-4FCF-9F2D-2721A88C716D}.Debug|x86.Build.0 = Debug|Win32
		{C5FA669F-1591-4FCF-9F2D-2721A88C716D}.Release|x64.ActiveCfg = Release|x64
		{C5FA669F-1591-4FCF-9F2D-2721A88C716D}.Release|x64.Build.0 = Release|x64
		{C5FA669F-1591-4FCF-9F2D-2721A88C716D}.Release|x86.ActiveCfg = Release|Win32
		{C5FA669F-1591-4FCF-9F2D-2721A88C716D}.Release|x86.Build.0 = Release|Win32
	EndGlobalSection
	GlobalSection(SolutionProperties) = preSolution
		HideSolutionNode = FALSE
	EndGlobalSection
	GlobalSection(ExtensibilityGlobals) = postSolution
		SolutionGuid = {19FD782A-B06D-44F0-A559-9B4D5731F2F8}
	EndGlobalSection
EndGlobal
